{
  "name": "sls-deploy-demo",
  "version": "1.0.0",
  "lockfileVersion": 3,
  "requires": true,
  "packages": {
    "": {
      "name": "sls-deploy-demo",
      "version": "1.0.0",
      "license": "ISC",
      "dependencies": {
        "moment": "^2.30.1",
        "serverless-stage-manager": "^1.0.5"
      }
    },
    "node_modules/moment": {
      "version": "2.30.1",
      "resolved": "https://registry.npmjs.org/moment/-/moment-2.30.1.tgz",
      "integrity": "sha512-uEmtNhbDOrWPFS+hdjFCBfy9f2YoyzRpwcl+DqpC6taX21FzsTLQVbMV/W7PzNSX6x/bhC1zA3c2UQ5NzH6how==",
      "license": "MIT",
      "engines": {
        "node": "*"
      }
    },
    "node_modules/serverless-stage-manager": {
      "version": "1.0.5",
      "resolved": "https://registry.npmjs.org/serverless-stage-manager/-/serverless-stage-manager-1.0.5.tgz",
      "integrity": "sha512-agCcM2knbs6/k+JHy0/D+fl7TcnHo+P3ULCP2DpTrbDloOCRL4J+3BFhO5+uHsQ63odahKi0Vy5Tqtzcug4+nw==",
      "license": "MIT"
    }
  }
}
